
Microsoft Visual Studio Solution File, Format Version 12.00
# Visual Studio Version 16
VisualStudioVersion = 16.0.31112.23
MinimumVisualStudioVersion = 10.0.40219.1
Project("{8BC9CEB8-8B4A-11D0-8D11-00A0C91BC942}") = "Lista_Dinamica_Encadeada(ALUNOS)", "Lista_Dinamica_Encadeada(ALUNOS)\Lista_Dinamica_Encadeada(ALUNOS).vcxproj", "{BA30E52B-9B0F-4613-97CB-9176C5854F9B}"
EndProject
Global
	GlobalSection(SolutionConfigurationPlatforms) = preSolution
		Debug|x64 = Debug|x64
		Debug|x86 = Debug|x86
		Release|x64 = Release|x64
		Release|x86 = Release|x86
	EndGlobalSection
	GlobalSection(ProjectConfigurationPlatforms) = postSolution
		{BA30E52B-9B0F-4613-97CB-9176C5854F9B}.Debug|x64.ActiveCfg = Debug|x64
		{BA30E52B-9B0F-4613-97CB-9176C5854F9B}.Debug|x64.Build.0 = Debug|x64
		{BA30E52B-9B0F-4613-97CB-9176C5854F9B}.Debug|x86.ActiveCfg = Debug|Win32
		{BA30E52B-9B0F-4613-97CB-9176C5854F9B}.Debug|x86.Build.0 = Debug|Win32
		{BA30E52B-9B0F-4613-97CB-9176C5854F9B}.Release|x64.ActiveCfg = Release|x64
		{BA30E52B-9B0F-4613-97CB-9176C5854F9B}.Release|x64.Build.0 = Release|x64
		{BA30E52B-9B0F-4613-97CB-9176C5854F9B}.Release|x86.ActiveCfg = Release|Win32
		{BA30E52B-9B0F-4613-97CB-9176C5854F9B}.Release|x86.Build.0 = Release|Win32
	EndGlobalSection
	GlobalSection(SolutionProperties) = preSolution
		HideSolutionNode = FALSE
	EndGlobalSection
	GlobalSection(ExtensibilityGlobals) = postSolution
		SolutionGuid = {63AB1923-4E6F-475C-83D9-D83E73035538}
	EndGlobalSection
EndGlobal
